{
  "version": 4,
  "terraform_version": "1.6.0",
  "serial": 20,
  "lineage": "008a7532-333b-fcc4-88ce-1fd866ecaafb",
  "outputs": {},
  "resources": [
    {
      "mode": "data",
      "type": "azurerm_client_config",
      "name": "current",
      "provider": "provider[\"registry.terraform.io/hashicorp/azurerm\"]",
      "instances": [
        {
          "schema_version": 0,
          "attributes": {
            "client_id": "04b07795-8ddb-461a-bbee-02f9e1bf7b46",
            "id": "Y2xpZW50Q29uZmlncy9jbGllbnRJZD0wNGIwNzc5NS04ZGRiLTQ2MWEtYmJlZS0wMmY5ZTFiZjdiNDY7b2JqZWN0SWQ9MzhiMmQ1MWUtODRmMC00ODVmLWFlOWItYTJjMDMxMGY3MGJjO3N1YnNjcmlwdGlvbklkPWU4ZmQwMGM3LTA2OGYtNGU5MS05ZDQ0LTVlOWNkYWY4MjE4NTt0ZW5hbnRJZD1jNjZiNjc2NS1iNzk0LTRhMmItODRlZC04NDViMzQxYzA4NmE=",
            "object_id": "38b2d51e-84f0-485f-ae9b-a2c0310f70bc",
            "subscription_id": "e8fd00c7-068f-4e91-9d44-5e9cdaf82185",
            "tenant_id": "c66b6765-b794-4a2b-84ed-845b341c086a",
            "timeouts": null
          },
          "sensitive_attributes": []
        }
      ]
    },
    {
      "mode": "managed",
      "type": "azurerm_key_vault",
      "name": "kv",
      "provider": "provider[\"registry.terraform.io/hashicorp/azurerm\"]",
      "instances": [
        {
          "schema_version": 2,
          "attributes": {
            "access_policy": [
              {
                "application_id": "",
                "certificate_permissions": [],
                "key_permissions": [],
                "object_id": "38b2d51e-84f0-485f-ae9b-a2c0310f70bc",
                "secret_permissions": [
                  "Get",
                  "List",
                  "Set",
                  "Delete"
                ],
                "storage_permissions": [],
                "tenant_id": "c66b6765-b794-4a2b-84ed-845b341c086a"
              }
            ],
            "contact": [],
            "enable_rbac_authorization": false,
            "enabled_for_deployment": false,
            "enabled_for_disk_encryption": false,
            "enabled_for_template_deployment": false,
            "id": "/subscriptions/e8fd00c7-068f-4e91-9d44-5e9cdaf82185/resourceGroups/SAP_Enveriment_RG/providers/Microsoft.KeyVault/vaults/peiplnessecrets123",
            "location": "italynorth",
            "name": "peiplnessecrets123",
            "network_acls": [
              {
                "bypass": "AzureServices",
                "default_action": "Allow",
                "ip_rules": [],
                "virtual_network_subnet_ids": []
              }
            ],
            "public_network_access_enabled": true,
            "purge_protection_enabled": false,
            "rbac_authorization_enabled": false,
            "resource_group_name": "SAP_Enveriment_RG",
            "sku_name": "standard",
            "soft_delete_retention_days": 7,
            "tags": {
              "piplines": "secrets"
            },
            "tenant_id": "c66b6765-b794-4a2b-84ed-845b341c086a",
            "timeouts": null,
            "vault_uri": "https://peiplnessecrets123.vault.azure.net/"
          },
          "sensitive_attributes": [],
          "private": "eyJlMmJmYjczMC1lY2FhLTExZTYtOGY4OC0zNDM2M2JjN2M0YzAiOnsiY3JlYXRlIjoxODAwMDAwMDAwMDAwLCJkZWxldGUiOjE4MDAwMDAwMDAwMDAsInJlYWQiOjMwMDAwMDAwMDAwMCwidXBkYXRlIjoxODAwMDAwMDAwMDAwfSwic2NoZW1hX3ZlcnNpb24iOiIyIn0=",
          "dependencies": [
            "azurerm_resource_group.rg",
            "data.azurerm_client_config.current"
          ]
        }
      ]
    },
    {
      "mode": "managed",
      "type": "azurerm_key_vault_access_policy",
      "name": "current",
      "provider": "provider[\"registry.terraform.io/hashicorp/azurerm\"]",
      "instances": [
        {
          "schema_version": 0,
          "attributes": {
            "application_id": "",
            "certificate_permissions": [],
            "id": "/subscriptions/e8fd00c7-068f-4e91-9d44-5e9cdaf82185/resourceGroups/SAP_Enveriment_RG/providers/Microsoft.KeyVault/vaults/peiplnessecrets123/objectId/38b2d51e-84f0-485f-ae9b-a2c0310f70bc",
            "key_permissions": [],
            "key_vault_id": "/subscriptions/e8fd00c7-068f-4e91-9d44-5e9cdaf82185/resourceGroups/SAP_Enveriment_RG/providers/Microsoft.KeyVault/vaults/peiplnessecrets123",
            "object_id": "38b2d51e-84f0-485f-ae9b-a2c0310f70bc",
            "secret_permissions": [
              "Get",
              "List",
              "Set",
              "Delete"
            ],
            "storage_permissions": [],
            "tenant_id": "c66b6765-b794-4a2b-84ed-845b341c086a",
            "timeouts": null
          },
          "sensitive_attributes": [],
          "private": "eyJlMmJmYjczMC1lY2FhLTExZTYtOGY4OC0zNDM2M2JjN2M0YzAiOnsiY3JlYXRlIjoxODAwMDAwMDAwMDAwLCJkZWxldGUiOjE4MDAwMDAwMDAwMDAsInJlYWQiOjMwMDAwMDAwMDAwMCwidXBkYXRlIjoxODAwMDAwMDAwMDAwfX0=",
          "dependencies": [
            "azurerm_key_vault.kv",
            "azurerm_resource_group.rg",
            "data.azurerm_client_config.current"
          ]
        }
      ]
    },
    {
      "mode": "managed",
      "type": "azurerm_key_vault_secret",
      "name": "jumbo",
      "provider": "provider[\"registry.terraform.io/hashicorp/azurerm\"]",
      "instances": [
        {
          "schema_version": 0,
          "attributes": {
            "content_type": "",
            "expiration_date": "",
            "id": "https://peiplnessecrets123.vault.azure.net/secrets/jumbo-config/baa3909f4ac2418a9ac8dd534104a13d",
            "key_vault_id": "/subscriptions/e8fd00c7-068f-4e91-9d44-5e9cdaf82185/resourceGroups/SAP_Enveriment_RG/providers/Microsoft.KeyVault/vaults/peiplnessecrets123",
            "name": "jumbo-config",
            "not_before_date": "",
            "resource_id": "/subscriptions/e8fd00c7-068f-4e91-9d44-5e9cdaf82185/resourceGroups/SAP_Enveriment_RG/providers/Microsoft.KeyVault/vaults/peiplnessecrets123/secrets/jumbo-config/versions/baa3909f4ac2418a9ac8dd534104a13d",
            "resource_versionless_id": "/subscriptions/e8fd00c7-068f-4e91-9d44-5e9cdaf82185/resourceGroups/SAP_Enveriment_RG/providers/Microsoft.KeyVault/vaults/peiplnessecrets123/secrets/jumbo-config",
            "tags": null,
            "timeouts": null,
            "value": "JUMBO_IP=10.0.0.10\nJUMBO_PORT=8080\nJUMBO_MODE=secure\nTIMEOUT=30",
            "value_wo": null,
            "value_wo_version": 0,
            "version": "baa3909f4ac2418a9ac8dd534104a13d",
            "versionless_id": "https://peiplnessecrets123.vault.azure.net/secrets/jumbo-config"
          },
          "sensitive_attributes": [],
          "private": "eyJlMmJmYjczMC1lY2FhLTExZTYtOGY4OC0zNDM2M2JjN2M0YzAiOnsiY3JlYXRlIjoxODAwMDAwMDAwMDAwLCJkZWxldGUiOjE4MDAwMDAwMDAwMDAsInJlYWQiOjE4MDAwMDAwMDAwMDAsInVwZGF0ZSI6MTgwMDAwMDAwMDAwMH19",
          "dependencies": [
            "azurerm_key_vault.kv",
            "azurerm_resource_group.rg",
            "data.azurerm_client_config.current"
          ]
        }
      ]
    },
    {
      "mode": "managed",
      "type": "azurerm_key_vault_secret",
      "name": "microsoft",
      "provider": "provider[\"registry.terraform.io/hashicorp/azurerm\"]",
      "instances": [
        {
          "schema_version": 0,
          "attributes": {
            "content_type": "",
            "expiration_date": "",
            "id": "https://peiplnessecrets123.vault.azure.net/secrets/microsoft-config/64ad2daaa7424241ab69a730793168c1",
            "key_vault_id": "/subscriptions/e8fd00c7-068f-4e91-9d44-5e9cdaf82185/resourceGroups/SAP_Enveriment_RG/providers/Microsoft.KeyVault/vaults/peiplnessecrets123",
            "name": "microsoft-config",
            "not_before_date": "",
            "resource_id": "/subscriptions/e8fd00c7-068f-4e91-9d44-5e9cdaf82185/resourceGroups/SAP_Enveriment_RG/providers/Microsoft.KeyVault/vaults/peiplnessecrets123/secrets/microsoft-config/versions/64ad2daaa7424241ab69a730793168c1",
            "resource_versionless_id": "/subscriptions/e8fd00c7-068f-4e91-9d44-5e9cdaf82185/resourceGroups/SAP_Enveriment_RG/providers/Microsoft.KeyVault/vaults/peiplnessecrets123/secrets/microsoft-config",
            "tags": null,
            "timeouts": null,
            "value": "TENANT_NAME=Fontys\nSERVICE=Azure\nREGION=ItalyNorth\nKEYVAULT_NAME=peiplnessecrets123",
            "value_wo": null,
            "value_wo_version": 0,
            "version": "64ad2daaa7424241ab69a730793168c1",
            "versionless_id": "https://peiplnessecrets123.vault.azure.net/secrets/microsoft-config"
          },
          "sensitive_attributes": [],
          "private": "eyJlMmJmYjczMC1lY2FhLTExZTYtOGY4OC0zNDM2M2JjN2M0YzAiOnsiY3JlYXRlIjoxODAwMDAwMDAwMDAwLCJkZWxldGUiOjE4MDAwMDAwMDAwMDAsInJlYWQiOjE4MDAwMDAwMDAwMDAsInVwZGF0ZSI6MTgwMDAwMDAwMDAwMH19",
          "dependencies": [
            "azurerm_key_vault.kv",
            "azurerm_resource_group.rg",
            "data.azurerm_client_config.current"
          ]
        }
      ]
    },
    {
      "mode": "managed",
      "type": "azurerm_key_vault_secret",
      "name": "pipelines",
      "provider": "provider[\"registry.terraform.io/hashicorp/azurerm\"]",
      "instances": [
        {
          "schema_version": 0,
          "attributes": {
            "content_type": "",
            "expiration_date": "",
            "id": "https://peiplnessecrets123.vault.azure.net/secrets/pipelines-config/10cfb9d5e2a44f388901dde441dbce82",
            "key_vault_id": "/subscriptions/e8fd00c7-068f-4e91-9d44-5e9cdaf82185/resourceGroups/SAP_Enveriment_RG/providers/Microsoft.KeyVault/vaults/peiplnessecrets123",
            "name": "pipelines-config",
            "not_before_date": "",
            "resource_id": "/subscriptions/e8fd00c7-068f-4e91-9d44-5e9cdaf82185/resourceGroups/SAP_Enveriment_RG/providers/Microsoft.KeyVault/vaults/peiplnessecrets123/secrets/pipelines-config/versions/10cfb9d5e2a44f388901dde441dbce82",
            "resource_versionless_id": "/subscriptions/e8fd00c7-068f-4e91-9d44-5e9cdaf82185/resourceGroups/SAP_Enveriment_RG/providers/Microsoft.KeyVault/vaults/peiplnessecrets123/secrets/pipelines-config",
            "tags": null,
            "timeouts": null,
            "value": "APP_NAME=SAP_PIPELINE\nENV=dev\nAPI_URL=http://10.0.0.4\nDB_HOST=10.0.0.5",
            "value_wo": null,
            "value_wo_version": 0,
            "version": "10cfb9d5e2a44f388901dde441dbce82",
            "versionless_id": "https://peiplnessecrets123.vault.azure.net/secrets/pipelines-config"
          },
          "sensitive_attributes": [],
          "private": "eyJlMmJmYjczMC1lY2FhLTExZTYtOGY4OC0zNDM2M2JjN2M0YzAiOnsiY3JlYXRlIjoxODAwMDAwMDAwMDAwLCJkZWxldGUiOjE4MDAwMDAwMDAwMDAsInJlYWQiOjE4MDAwMDAwMDAwMDAsInVwZGF0ZSI6MTgwMDAwMDAwMDAwMH19",
          "dependencies": [
            "azurerm_key_vault.kv",
            "azurerm_resource_group.rg",
            "data.azurerm_client_config.current"
          ]
        }
      ]
    },
    {
      "mode": "managed",
      "type": "azurerm_resource_group",
      "name": "rg",
      "provider": "provider[\"registry.terraform.io/hashicorp/azurerm\"]",
      "instances": [
        {
          "schema_version": 0,
          "attributes": {
            "id": "/subscriptions/e8fd00c7-068f-4e91-9d44-5e9cdaf82185/resourceGroups/SAP_Enveriment_RG",
            "location": "italynorth",
            "managed_by": "",
            "name": "SAP_Enveriment_RG",
            "tags": {
              "piplines": "secrets"
            },
            "timeouts": null
          },
          "sensitive_attributes": [],
          "private": "eyJlMmJmYjczMC1lY2FhLTExZTYtOGY4OC0zNDM2M2JjN2M0YzAiOnsiY3JlYXRlIjo1NDAwMDAwMDAwMDAwLCJkZWxldGUiOjU0MDAwMDAwMDAwMDAsInJlYWQiOjMwMDAwMDAwMDAwMCwidXBkYXRlIjo1NDAwMDAwMDAwMDAwfX0="
        }
      ]
    },
    {
      "mode": "managed",
      "type": "azurerm_subnet",
      "name": "subnet_secrets",
      "provider": "provider[\"registry.terraform.io/hashicorp/azurerm\"]",
      "instances": [
        {
          "schema_version": 0,
          "attributes": {
            "address_prefixes": [
              "10.0.0.0/27"
            ],
            "default_outbound_access_enabled": true,
            "delegation": [],
            "id": "/subscriptions/e8fd00c7-068f-4e91-9d44-5e9cdaf82185/resourceGroups/SAP_Enveriment_RG/providers/Microsoft.Network/virtualNetworks/SAP_Enveriment_Network/subnets/Subnet_Secrets",
            "ip_address_pool": [],
            "name": "Subnet_Secrets",
            "private_endpoint_network_policies": "Disabled",
            "private_link_service_network_policies_enabled": true,
            "resource_group_name": "SAP_Enveriment_RG",
            "service_endpoint_policy_ids": [],
            "service_endpoints": [],
            "sharing_scope": "",
            "timeouts": null,
            "virtual_network_name": "SAP_Enveriment_Network"
          },
          "sensitive_attributes": [],
          "private": "eyJlMmJmYjczMC1lY2FhLTExZTYtOGY4OC0zNDM2M2JjN2M0YzAiOnsiY3JlYXRlIjoxODAwMDAwMDAwMDAwLCJkZWxldGUiOjE4MDAwMDAwMDAwMDAsInJlYWQiOjMwMDAwMDAwMDAwMCwidXBkYXRlIjoxODAwMDAwMDAwMDAwfX0=",
          "dependencies": [
            "azurerm_resource_group.rg",
            "azurerm_virtual_network.vnet"
          ]
        }
      ]
    },
    {
      "mode": "managed",
      "type": "azurerm_virtual_network",
      "name": "vnet",
      "provider": "provider[\"registry.terraform.io/hashicorp/azurerm\"]",
      "instances": [
        {
          "schema_version": 0,
          "attributes": {
            "address_space": [
              "10.0.0.0/16"
            ],
            "bgp_community": "",
            "ddos_protection_plan": [],
            "dns_servers": [],
            "edge_zone": "",
            "encryption": [],
            "flow_timeout_in_minutes": 0,
            "guid": "d09d0023-150e-452b-b982-8517efcd04bd",
            "id": "/subscriptions/e8fd00c7-068f-4e91-9d44-5e9cdaf82185/resourceGroups/SAP_Enveriment_RG/providers/Microsoft.Network/virtualNetworks/SAP_Enveriment_Network",
            "ip_address_pool": [],
            "location": "italynorth",
            "name": "SAP_Enveriment_Network",
            "private_endpoint_vnet_policies": "Disabled",
            "resource_group_name": "SAP_Enveriment_RG",
            "subnet": [
              {
                "address_prefixes": [
                  "10.0.0.0/27"
                ],
                "default_outbound_access_enabled": true,
                "delegation": [],
                "id": "/subscriptions/e8fd00c7-068f-4e91-9d44-5e9cdaf82185/resourceGroups/SAP_Enveriment_RG/providers/Microsoft.Network/virtualNetworks/SAP_Enveriment_Network/subnets/Subnet_Secrets",
                "name": "Subnet_Secrets",
                "private_endpoint_network_policies": "Disabled",
                "private_link_service_network_policies_enabled": true,
                "route_table_id": "",
                "security_group": "",
                "service_endpoint_policy_ids": [],
                "service_endpoints": []
              },
              {
                "address_prefixes": [
                  "10.0.1.0/24"
                ],
                "default_outbound_access_enabled": false,
                "delegation": [],
                "id": "/subscriptions/e8fd00c7-068f-4e91-9d44-5e9cdaf82185/resourceGroups/SAP_Enveriment_RG/providers/Microsoft.Network/virtualNetworks/SAP_Enveriment_Network/subnets/Subnet_Container",
                "name": "Subnet_Container",
                "private_endpoint_network_policies": "Disabled",
                "private_link_service_network_policies_enabled": true,
                "route_table_id": "",
                "security_group": "",
                "service_endpoint_policy_ids": [],
                "service_endpoints": []
              }
            ],
            "tags": {
              "piplines": "secrets"
            },
            "timeouts": null
          },
          "sensitive_attributes": [],
          "private": "eyJlMmJmYjczMC1lY2FhLTExZTYtOGY4OC0zNDM2M2JjN2M0YzAiOnsiY3JlYXRlIjoxODAwMDAwMDAwMDAwLCJkZWxldGUiOjE4MDAwMDAwMDAwMDAsInJlYWQiOjMwMDAwMDAwMDAwMCwidXBkYXRlIjoxODAwMDAwMDAwMDAwfX0=",
          "dependencies": [
            "azurerm_resource_group.rg"
          ]
        }
      ]
    }
  ],
  "check_results": null
}
