{
  "version": 4,
  "terraform_version": "1.6.0",
  "serial": 10,
  "lineage": "008a7532-333b-fcc4-88ce-1fd866ecaafb",
  "outputs": {},
  "resources": [
    {
      "mode": "managed",
      "type": "azurerm_key_vault",
      "name": "kv",
      "provider": "provider[\"registry.terraform.io/hashicorp/azurerm\"]",
      "instances": [
        {
          "status": "tainted",
          "schema_version": 2,
          "attributes": {
            "access_policy": null,
            "contact": [],
            "enable_rbac_authorization": null,
            "enabled_for_deployment": null,
            "enabled_for_disk_encryption": null,
            "enabled_for_template_deployment": null,
            "id": "/subscriptions/e8fd00c7-068f-4e91-9d44-5e9cdaf82185/resourceGroups/SAP_Enveriment_RG/providers/Microsoft.KeyVault/vaults/peiplnessecrets",
            "location": "italynorth",
            "name": "peiplnessecrets",
            "network_acls": null,
            "public_network_access_enabled": true,
            "purge_protection_enabled": false,
            "rbac_authorization_enabled": null,
            "resource_group_name": "SAP_Enveriment_RG",
            "sku_name": "standard",
            "soft_delete_retention_days": 7,
            "tags": {
              "piplines": "secrets"
            },
            "tenant_id": "53bae75e-2d86-4c63-8a3a-fd07c6aa2ed7",
            "timeouts": null,
            "vault_uri": null
          },
          "sensitive_attributes": [],
          "private": "eyJlMmJmYjczMC1lY2FhLTExZTYtOGY4OC0zNDM2M2JjN2M0YzAiOnsiY3JlYXRlIjoxODAwMDAwMDAwMDAwLCJkZWxldGUiOjE4MDAwMDAwMDAwMDAsInJlYWQiOjMwMDAwMDAwMDAwMCwidXBkYXRlIjoxODAwMDAwMDAwMDAwfSwic2NoZW1hX3ZlcnNpb24iOiIyIn0=",
          "dependencies": [
            "azurerm_resource_group.rg"
          ]
        }
      ]
    },
    {
      "mode": "managed",
      "type": "azurerm_resource_group",
      "name": "rg",
      "provider": "provider[\"registry.terraform.io/hashicorp/azurerm\"]",
      "instances": [
        {
          "schema_version": 0,
          "attributes": {
            "id": "/subscriptions/e8fd00c7-068f-4e91-9d44-5e9cdaf82185/resourceGroups/SAP_Enveriment_RG",
            "location": "italynorth",
            "managed_by": "",
            "name": "SAP_Enveriment_RG",
            "tags": {
              "piplines": "secrets"
            },
            "timeouts": null
          },
          "sensitive_attributes": [],
          "private": "eyJlMmJmYjczMC1lY2FhLTExZTYtOGY4OC0zNDM2M2JjN2M0YzAiOnsiY3JlYXRlIjo1NDAwMDAwMDAwMDAwLCJkZWxldGUiOjU0MDAwMDAwMDAwMDAsInJlYWQiOjMwMDAwMDAwMDAwMCwidXBkYXRlIjo1NDAwMDAwMDAwMDAwfX0="
        }
      ]
    },
    {
      "mode": "managed",
      "type": "azurerm_subnet",
      "name": "subnet_secrets",
      "provider": "provider[\"registry.terraform.io/hashicorp/azurerm\"]",
      "instances": [
        {
          "schema_version": 0,
          "attributes": {
            "address_prefixes": [
              "10.0.0.0/27"
            ],
            "default_outbound_access_enabled": true,
            "delegation": [],
            "id": "/subscriptions/e8fd00c7-068f-4e91-9d44-5e9cdaf82185/resourceGroups/SAP_Enveriment_RG/providers/Microsoft.Network/virtualNetworks/SAP_Enveriment_Network/subnets/Subnet_Secrets",
            "ip_address_pool": [],
            "name": "Subnet_Secrets",
            "private_endpoint_network_policies": "Disabled",
            "private_link_service_network_policies_enabled": true,
            "resource_group_name": "SAP_Enveriment_RG",
            "service_endpoint_policy_ids": [],
            "service_endpoints": [],
            "sharing_scope": "",
            "timeouts": null,
            "virtual_network_name": "SAP_Enveriment_Network"
          },
          "sensitive_attributes": [],
          "private": "eyJlMmJmYjczMC1lY2FhLTExZTYtOGY4OC0zNDM2M2JjN2M0YzAiOnsiY3JlYXRlIjoxODAwMDAwMDAwMDAwLCJkZWxldGUiOjE4MDAwMDAwMDAwMDAsInJlYWQiOjMwMDAwMDAwMDAwMCwidXBkYXRlIjoxODAwMDAwMDAwMDAwfX0=",
          "dependencies": [
            "azurerm_resource_group.rg",
            "azurerm_virtual_network.vnet"
          ]
        }
      ]
    },
    {
      "mode": "managed",
      "type": "azurerm_virtual_network",
      "name": "vnet",
      "provider": "provider[\"registry.terraform.io/hashicorp/azurerm\"]",
      "instances": [
        {
          "schema_version": 0,
          "attributes": {
            "address_space": [
              "10.0.0.0/16"
            ],
            "bgp_community": "",
            "ddos_protection_plan": [],
            "dns_servers": [],
            "edge_zone": "",
            "encryption": [],
            "flow_timeout_in_minutes": 0,
            "guid": "d09d0023-150e-452b-b982-8517efcd04bd",
            "id": "/subscriptions/e8fd00c7-068f-4e91-9d44-5e9cdaf82185/resourceGroups/SAP_Enveriment_RG/providers/Microsoft.Network/virtualNetworks/SAP_Enveriment_Network",
            "ip_address_pool": [],
            "location": "italynorth",
            "name": "SAP_Enveriment_Network",
            "private_endpoint_vnet_policies": "Disabled",
            "resource_group_name": "SAP_Enveriment_RG",
            "subnet": [
              {
                "address_prefixes": [
                  "10.0.0.0/27"
                ],
                "default_outbound_access_enabled": true,
                "delegation": [],
                "id": "/subscriptions/e8fd00c7-068f-4e91-9d44-5e9cdaf82185/resourceGroups/SAP_Enveriment_RG/providers/Microsoft.Network/virtualNetworks/SAP_Enveriment_Network/subnets/Subnet_Secrets",
                "name": "Subnet_Secrets",
                "private_endpoint_network_policies": "Disabled",
                "private_link_service_network_policies_enabled": true,
                "route_table_id": "",
                "security_group": "",
                "service_endpoint_policy_ids": [],
                "service_endpoints": []
              },
              {
                "address_prefixes": [
                  "10.0.1.0/24"
                ],
                "default_outbound_access_enabled": false,
                "delegation": [],
                "id": "/subscriptions/e8fd00c7-068f-4e91-9d44-5e9cdaf82185/resourceGroups/SAP_Enveriment_RG/providers/Microsoft.Network/virtualNetworks/SAP_Enveriment_Network/subnets/Subnet_Container",
                "name": "Subnet_Container",
                "private_endpoint_network_policies": "Disabled",
                "private_link_service_network_policies_enabled": true,
                "route_table_id": "",
                "security_group": "",
                "service_endpoint_policy_ids": [],
                "service_endpoints": []
              }
            ],
            "tags": {
              "piplines": "secrets"
            },
            "timeouts": null
          },
          "sensitive_attributes": [],
          "private": "eyJlMmJmYjczMC1lY2FhLTExZTYtOGY4OC0zNDM2M2JjN2M0YzAiOnsiY3JlYXRlIjoxODAwMDAwMDAwMDAwLCJkZWxldGUiOjE4MDAwMDAwMDAwMDAsInJlYWQiOjMwMDAwMDAwMDAwMCwidXBkYXRlIjoxODAwMDAwMDAwMDAwfX0=",
          "dependencies": [
            "azurerm_resource_group.rg"
          ]
        }
      ]
    }
  ],
  "check_results": null
}
